// !$*UTF8*$!
{
	archiveVersion = 1;
	classes = {
	};
	objectVersion = 46;
	objects = {

/* Begin PBXBuildFile section */
		D70EA3CD1C147C3C0096A768 /* AppDelegate.swift in Sources */ = {isa = PBXBuildFile; fileRef = D70EA3CC1C147C3C0096A768 /* AppDelegate.swift */; };
		D70EA3CF1C147C3C0096A768 /* ViewController.swift in Sources */ = {isa = PBXBuildFile; fileRef = D70EA3CE1C147C3C0096A768 /* ViewController.swift */; };
		D70EA3D21C147C3C0096A768 /* Main.storyboard in Resources */ = {isa = PBXBuildFile; fileRef = D70EA3D01C147C3C0096A768 /* Main.storyboard */; };
		D70EA3D41C147C3C0096A768 /* Assets.xcassets in Resources */ = {isa = PBXBuildFile; fileRef = D70EA3D31C147C3C0096A768 /* Assets.xcassets */; };
		D70EA3D71C147C3C0096A768 /* LaunchScreen.storyboard in Resources */ = {isa = PBXBuildFile; fileRef = D70EA3D51C147C3C0096A768 /* LaunchScreen.storyboard */; };
		D70EA3E21C147C3C0096A768 /* FilePicketTests.swift in Sources */ = {isa = PBXBuildFile; fileRef = D70EA3E11C147C3C0096A768 /* FilePicketTests.swift */; };
		D70EA3ED1C147C3C0096A768 /* FilePicketUITests.swift in Sources */ = {isa = PBXBuildFile; fileRef = D70EA3EC1C147C3C0096A768 /* FilePicketUITests.swift */; };
/* End PBXBuildFile section */

/* Begin PBXContainerItemProxy section */
		D70EA3DE1C147C3C0096A768 /* PBXContainerItemProxy */ = {
			isa = PBXContainerItemProxy;
			containerPortal = D70EA3C11C147C3C0096A768 /* Project object */;
			proxyType = 1;
			remoteGlobalIDString = D70EA3C81C147C3C0096A768;
			remoteInfo = FilePicket;
		};
		D70EA3E91C147C3C0096A768 /* PBXContainerItemProxy */ = {
			isa = PBXContainerItemProxy;
			containerPortal = D70EA3C11C147C3C0096A768 /* Project object */;
			proxyType = 1;
			remoteGlobalIDString = D70EA3C81C147C3C0096A768;
			remoteInfo = FilePicket;
		};
/* End PBXContainerItemProxy section */

/* Begin PBXFileReference section */
		D70EA3C91C147C3C0096A768 /* FilePicket.app */ = {isa = PBXFileReference; explicitFileType = wrapper.application; includeInIndex = 0; path = FilePicket.app; sourceTree = BUILT_PRODUCTS_DIR; };
		D70EA3CC1C147C3C0096A768 /* AppDelegate.swift */ = {isa = PBXFileReference; lastKnownFileType = sourcecode.swift; path = AppDelegate.swift; sourceTree = "<group>"; };
		D70EA3CE1C147C3C0096A768 /* ViewController.swift */ = {isa = PBXFileReference; lastKnownFileType = sourcecode.swift; path = ViewController.swift; sourceTree = "<group>"; };
		D70EA3D11C147C3C0096A768 /* Base */ = {isa = PBXFileReference; lastKnownFileType = file.storyboard; name = Base; path = Base.lproj/Main.storyboard; sourceTree = "<group>"; };
		D70EA3D31C147C3C0096A768 /* Assets.xcassets */ = {isa = PBXFileReference; lastKnownFileType = folder.assetcatalog; path = Assets.xcassets; sourceTree = "<group>"; };
		D70EA3D61C147C3C0096A768 /* Base */ = {isa = PBXFileReference; lastKnownFileType = file.storyboard; name = Base; path = Base.lproj/LaunchScreen.storyboard; sourceTree = "<group>"; };
		D70EA3D81C147C3C0096A768 /* Info.plist */ = {isa = PBXFileReference; lastKnownFileType = text.plist.xml; path = Info.plist; sourceTree = "<group>"; };
		D70EA3DD1C147C3C0096A768 /* FilePicketTests.xctest */ = {isa = PBXFileReference; explicitFileType = wrapper.cfbundle; includeInIndex = 0; path = FilePicketTests.xctest; sourceTree = BUILT_PRODUCTS_DIR; };
		D70EA3E11C147C3C0096A768 /* FilePicketTests.swift */ = {isa = PBXFileReference; lastKnownFileType = sourcecode.swift; path = FilePicketTests.swift; sourceTree = "<group>"; };
		D70EA3E31C147C3C0096A768 /* Info.plist */ = {isa = PBXFileReference; lastKnownFileType = text.plist.xml; path = Info.plist; sourceTree = "<group>"; };
		D70EA3E81C147C3C0096A768 /* FilePicketUITests.xctest */ = {isa = PBXFileReference; explicitFileType = wrapper.cfbundle; includeInIndex = 0; path = FilePicketUITests.xctest; sourceTree = BUILT_PRODUCTS_DIR; };
		D70EA3EC1C147C3C0096A768 /* FilePicketUITests.swift */ = {isa = PBXFileReference; lastKnownFileType = sourcecode.swift; path = FilePicketUITests.swift; sourceTree = "<group>"; };
		D70EA3EE1C147C3C0096A768 /* Info.plist */ = {isa = PBXFileReference; lastKnownFileType = text.plist.xml; path = Info.plist; sourceTree = "<group>"; };
/* End PBXFileReference section */

/* Begin PBXFrameworksBuildPhase section */
		D70EA3C61C147C3C0096A768 /* Frameworks */ = {
			isa = PBXFrameworksBuildPhase;
			buildActionMask = 2147483647;
			files = (
			);
			runOnlyForDeploymentPostprocessing = 0;
		};
		D70EA3DA1C147C3C0096A768 /* Frameworks */ = {
			isa = PBXFrameworksBuildPhase;
			buildActionMask = 2147483647;
			files = (
			);
			runOnlyForDeploymentPostprocessing = 0;
		};
		D70EA3E51C147C3C0096A768 /* Frameworks */ = {
			isa = PBXFrameworksBuildPhase;
			buildActionMask = 2147483647;
			files = (
			);
			runOnlyForDeploymentPostprocessing = 0;
		};
/* End PBXFrameworksBuildPhase section */

/* Begin PBXGroup section */
		D70EA3C01C147C3C0096A768 = {
			isa = PBXGroup;
			children = (
				D70EA3CB1C147C3C0096A768 /* FilePicket */,
				D70EA3E01C147C3C0096A768 /* FilePicketTests */,
				D70EA3EB1C147C3C0096A768 /* FilePicketUITests */,
				D70EA3CA1C147C3C0096A768 /* Products */,
			);
			sourceTree = "<group>";
		};
		D70EA3CA1C147C3C0096A768 /* Products */ = {
			isa = PBXGroup;
			children = (
				D70EA3C91C147C3C0096A768 /* FilePicket.app */,
				D70EA3DD1C147C3C0096A768 /* FilePicketTests.xctest */,
				D70EA3E81C147C3C0096A768 /* FilePicketUITests.xctest */,
			);
			name = Products;
			sourceTree = "<group>";
		};
		D70EA3CB1C147C3C0096A768 /* FilePicket */ = {
			isa = PBXGroup;
			children = (
				D70EA3CC1C147C3C0096A768 /* AppDelegate.swift */,
				D70EA3CE1C147C3C0096A768 /* ViewController.swift */,
				D70EA3D01C147C3C0096A768 /* Main.storyboard */,
				D70EA3D31C147C3C0096A768 /* Assets.xcassets */,
				D70EA3D51C147C3C0096A768 /* LaunchScreen.storyboard */,
				D70EA3D81C147C3C0096A768 /* Info.plist */,
			);
			path = FilePicket;
			sourceTree = "<group>";
		};
		D70EA3E01C147C3C0096A768 /* FilePicketTests */ = {
			isa = PBXGroup;
			children = (
				D70EA3E11C147C3C0096A768 /* FilePicketTests.swift */,
				D70EA3E31C147C3C0096A768 /* Info.plist */,
			);
			path = FilePicketTests;
			sourceTree = "<group>";
		};
		D70EA3EB1C147C3C0096A768 /* FilePicketUITests */ = {
			isa = PBXGroup;
			children = (
				D70EA3EC1C147C3C0096A768 /* FilePicketUITests.swift */,
				D70EA3EE1C147C3C0096A768 /* Info.plist */,
			);
			path = FilePicketUITests;
			sourceTree = "<group>";
		};
/* End PBXGroup section */

/* Begin PBXNativeTarget section */
		D70EA3C81C147C3C0096A768 /* FilePicket */ = {
			isa = PBXNativeTarget;
			buildConfigurationList = D70EA3F11C147C3C0096A768 /* Build configuration list for PBXNativeTarget "FilePicket" */;
			buildPhases = (
				D70EA3C51C147C3C0096A768 /* Sources */,
				D70EA3C61C147C3C0096A768 /* Frameworks */,
				D70EA3C71C147C3C0096A768 /* Resources */,
			);
			buildRules = (
			);
			dependencies = (
			);
			name = FilePicket;
			productName = FilePicket;
			productReference = D70EA3C91C147C3C0096A768 /* FilePicket.app */;
			productType = "com.apple.product-type.application";
		};
		D70EA3DC1C147C3C0096A768 /* FilePicketTests */ = {
			isa = PBXNativeTarget;
			buildConfigurationList = D70EA3F41C147C3C0096A768 /* Build configuration list for PBXNativeTarget "FilePicketTests" */;
			buildPhases = (
				D70EA3D91C147C3C0096A768 /* Sources */,
				D70EA3DA1C147C3C0096A768 /* Frameworks */,
				D70EA3DB1C147C3C0096A768 /* Resources */,
			);
			buildRules = (
			);
			dependencies = (
				D70EA3DF1C147C3C0096A768 /* PBXTargetDependency */,
			);
			name = FilePicketTests;
			productName = FilePicketTests;
			productReference = D70EA3DD1C147C3C0096A768 /* FilePicketTests.xctest */;
			productType = "com.apple.product-type.bundle.unit-test";
		};
		D70EA3E71C147C3C0096A768 /* FilePicketUITests */ = {
			isa = PBXNativeTarget;
			buildConfigurationList = D70EA3F71C147C3C0096A768 /* Build configuration list for PBXNativeTarget "FilePicketUITests" */;
			buildPhases = (
				D70EA3E41C147C3C0096A768 /* Sources */,
				D70EA3E51C147C3C0096A768 /* Frameworks */,
				D70EA3E61C147C3C0096A768 /* Resources */,
			);
			buildRules = (
			);
			dependencies = (
				D70EA3EA1C147C3C0096A768 /* PBXTargetDependency */,
			);
			name = FilePicketUITests;
			productName = FilePicketUITests;
			productReference = D70EA3E81C147C3C0096A768 /* FilePicketUITests.xctest */;
			productType = "com.apple.product-type.bundle.ui-testing";
		};
/* End PBXNativeTarget section */

/* Begin PBXProject section */
		D70EA3C11C147C3C0096A768 /* Project object */ = {
			isa = PBXProject;
			attributes = {
				LastSwiftUpdateCheck = 0710;
				LastUpgradeCheck = 0710;
				ORGANIZATIONNAME = "Vedya Wonders";
				TargetAttributes = {
					D70EA3C81C147C3C0096A768 = {
						CreatedOnToolsVersion = 7.1.1;
					};
					D70EA3DC1C147C3C0096A768 = {
						CreatedOnToolsVersion = 7.1.1;
						TestTargetID = D70EA3C81C147C3C0096A768;
					};
					D70EA3E71C147C3C0096A768 = {
						CreatedOnToolsVersion = 7.1.1;
						TestTargetID = D70EA3C81C147C3C0096A768;
					};
				};
			};
			buildConfigurationList = D70EA3C41C147C3C0096A768 /* Build configuration list for PBXProject "FilePicket" */;
			compatibilityVersion = "Xcode 3.2";
			developmentRegion = English;
			hasScannedForEncodings = 0;
			knownRegions = (
				en,
				Base,
			);
			mainGroup = D70EA3C01C147C3C0096A768;
			productRefGroup = D70EA3CA1C147C3C0096A768 /* Products */;
			projectDirPath = "";
			projectRoot = "";
			targets = (
				D70EA3C81C147C3C0096A768 /* FilePicket */,
				D70EA3DC1C147C3C0096A768 /* FilePicketTests */,
				D70EA3E71C147C3C0096A768 /* FilePicketUITests */,
			);
		};
/* End PBXProject section */

/* Begin PBXResourcesBuildPhase section */
		D70EA3C71C147C3C0096A768 /* Resources */ = {
			isa = PBXResourcesBuildPhase;
			buildActionMask = 2147483647;
			files = (
				D70EA3D71C147C3C0096A768 /* LaunchScreen.storyboard in Resources */,
				D70EA3D41C147C3C0096A768 /* Assets.xcassets in Resources */,
				D70EA3D21C147C3C0096A768 /* Main.storyboard in Resources */,
			);
			runOnlyForDeploymentPostprocessing = 0;
		};
		D70EA3DB1C147C3C0096A768 /* Resources */ = {
			isa = PBXResourcesBuildPhase;
			buildActionMask = 2147483647;
			files = (
			);
			runOnlyForDeploymentPostprocessing = 0;
		};
		D70EA3E61C147C3C0096A768 /* Resources */ = {
			isa = PBXResourcesBuildPhase;
			buildActionMask = 2147483647;
			files = (
			);
			runOnlyForDeploymentPostprocessing = 0;
		};
/* End PBXResourcesBuildPhase section */

/* Begin PBXSourcesBuildPhase section */
		D70EA3C51C147C3C0096A768 /* Sources */ = {
			isa = PBXSourcesBuildPhase;
			buildActionMask = 2147483647;
			files = (
				D70EA3CF1C147C3C0096A768 /* ViewController.swift in Sources */,
				D70EA3CD1C147C3C0096A768 /* AppDelegate.swift in Sources */,
			);
			runOnlyForDeploymentPostprocessing = 0;
		};
		D70EA3D91C147C3C0096A768 /* Sources */ = {
			isa = PBXSourcesBuildPhase;
			buildActionMask = 2147483647;
			files = (
				D70EA3E21C147C3C0096A768 /* FilePicketTests.swift in Sources */,
			);
			runOnlyForDeploymentPostprocessing = 0;
		};
		D70EA3E41C147C3C0096A768 /* Sources */ = {
			isa = PBXSourcesBuildPhase;
			buildActionMask = 2147483647;
			files = (
				D70EA3ED1C147C3C0096A768 /* FilePicketUITests.swift in Sources */,
			);
			runOnlyForDeploymentPostprocessing = 0;
		};
/* End PBXSourcesBuildPhase section */

/* Begin PBXTargetDependency section */
		D70EA3DF1C147C3C0096A768 /* PBXTargetDependency */ = {
			isa = PBXTargetDependency;
			target = D70EA3C81C147C3C0096A768 /* FilePicket */;
			targetProxy = D70EA3DE1C147C3C0096A768 /* PBXContainerItemProxy */;
		};
		D70EA3EA1C147C3C0096A768 /* PBXTargetDependency */ = {
			isa = PBXTargetDependency;
			target = D70EA3C81C147C3C0096A768 /* FilePicket */;
			targetProxy = D70EA3E91C147C3C0096A768 /* PBXContainerItemProxy */;
		};
/* End PBXTargetDependency section */

/* Begin PBXVariantGroup section */
		D70EA3D01C147C3C0096A768 /* Main.storyboard */ = {
			isa = PBXVariantGroup;
			children = (
				D70EA3D11C147C3C0096A768 /* Base */,
			);
			name = Main.storyboard;
			sourceTree = "<group>";
		};
		D70EA3D51C147C3C0096A768 /* LaunchScreen.storyboard */ = {
			isa = PBXVariantGroup;
			children = (
				D70EA3D61C147C3C0096A768 /* Base */,
			);
			name = LaunchScreen.storyboard;
			sourceTree = "<group>";
		};
/* End PBXVariantGroup section */

/* Begin XCBuildConfiguration section */
		D70EA3EF1C147C3C0096A768 /* Debug */ = {
			isa = XCBuildConfiguration;
			buildSettings = {
				ALWAYS_SEARCH_USER_PATHS = NO;
				CLANG_CXX_LANGUAGE_STANDARD = "gnu++0x";
				CLANG_CXX_LIBRARY = "libc++";
				CLANG_ENABLE_MODULES = YES;
				CLANG_ENABLE_OBJC_ARC = YES;
				CLANG_WARN_BOOL_CONVERSION = YES;
				CLANG_WARN_CONSTANT_CONVERSION = YES;
				CLANG_WARN_DIRECT_OBJC_ISA_USAGE = YES_ERROR;
				CLANG_WARN_EMPTY_BODY = YES;
				CLANG_WARN_ENUM_CONVERSION = YES;
				CLANG_WARN_INT_CONVERSION = YES;
				CLANG_WARN_OBJC_ROOT_CLASS = YES_ERROR;
				CLANG_WARN_UNREACHABLE_CODE = YES;
				CLANG_WARN__DUPLICATE_METHOD_MATCH = YES;
				"CODE_SIGN_IDENTITY[sdk=iphoneos*]" = "iPhone Developer";
				COPY_PHASE_STRIP = NO;
				DEBUG_INFORMATION_FORMAT = dwarf;
				ENABLE_STRICT_OBJC_MSGSEND = YES;
				ENABLE_TESTABILITY = YES;
				GCC_C_LANGUAGE_STANDARD = gnu99;
				GCC_DYNAMIC_NO_PIC = NO;
				GCC_NO_COMMON_BLOCKS = YES;
				GCC_OPTIMIZATION_LEVEL = 0;
				GCC_PREPROCESSOR_DEFINITIONS = (
					"DEBUG=1",
					"$(inherited)",
				);
				GCC_WARN_64_TO_32_BIT_CONVERSION = YES;
				GCC_WARN_ABOUT_RETURN_TYPE = YES_ERROR;
				GCC_WARN_UNDECLARED_SELECTOR = YES;
				GCC_WARN_UNINITIALIZED_AUTOS = YES_AGGRESSIVE;
				GCC_WARN_UNUSED_FUNCTION = YES;
				GCC_WARN_UNUSED_VARIABLE = YES;
				IPHONEOS_DEPLOYMENT_TARGET = 9.1;
				MTL_ENABLE_DEBUG_INFO = YES;
				ONLY_ACTIVE_ARCH = YES;
				SDKROOT = iphoneos;
				SWIFT_OPTIMIZATION_LEVEL = "-Onone";
				TARGETED_DEVICE_FAMILY = "1,2";
			};
			name = Debug;
		};
		D70EA3F01C147C3C0096A768 /* Release */ = {
			isa = XCBuildConfiguration;
			buildSettings = {
				ALWAYS_SEARCH_USER_PATHS = NO;
				CLANG_CXX_LANGUAGE_STANDARD = "gnu++0x";
				CLANG_CXX_LIBRARY = "libc++";
				CLANG_ENABLE_MODULES = YES;
				CLANG_ENABLE_OBJC_ARC = YES;
				CLANG_WARN_BOOL_CONVERSION = YES;
				CLANG_WARN_CONSTANT_CONVERSION = YES;
				CLANG_WARN_DIRECT_OBJC_ISA_USAGE = YES_ERROR;
				CLANG_WARN_EMPTY_BODY = YES;
				CLANG_WARN_ENUM_CONVERSION = YES;
				CLANG_WARN_INT_CONVERSION = YES;
				CLANG_WARN_OBJC_ROOT_CLASS = YES_ERROR;
				CLANG_WARN_UNREACHABLE_CODE = YES;
				CLANG_WARN__DUPLICATE_METHOD_MATCH = YES;
				"CODE_SIGN_IDENTITY[sdk=iphoneos*]" = "iPhone Developer";
				COPY_PHASE_STRIP = NO;
				DEBUG_INFORMATION_FORMAT = "dwarf-with-dsym";
				ENABLE_NS_ASSERTIONS = NO;
				ENABLE_STRICT_OBJC_MSGSEND = YES;
				GCC_C_LANGUAGE_STANDARD = gnu99;
				GCC_NO_COMMON_BLOCKS = YES;
				GCC_WARN_64_TO_32_BIT_CONVERSION = YES;
				GCC_WARN_ABOUT_RETURN_TYPE = YES_ERROR;
				GCC_WARN_UNDECLARED_SELECTOR = YES;
				GCC_WARN_UNINITIALIZED_AUTOS = YES_AGGRESSIVE;
				GCC_WARN_UNUSED_FUNCTION = YES;
				GCC_WARN_UNUSED_VARIABLE = YES;
				IPHONEOS_DEPLOYMENT_TARGET = 9.1;
				MTL_ENABLE_DEBUG_INFO = NO;
				SDKROOT = iphoneos;
				TARGETED_DEVICE_FAMILY = "1,2";
				VALIDATE_PRODUCT = YES;
			};
			name = Release;
		};
		D70EA3F21C147C3C0096A768 /* Debug */ = {
			isa = XCBuildConfiguration;
			buildSettings = {
				ASSETCATALOG_COMPILER_APPICON_NAME = AppIcon;
				INFOPLIST_FILE = FilePicket/Info.plist;
				LD_RUNPATH_SEARCH_PATHS = "$(inherited) @executable_path/Frameworks";
				PRODUCT_BUNDLE_IDENTIFIER = com.vedya.FilePicket;
				PRODUCT_NAME = "$(TARGET_NAME)";
			};
			name = Debug;
		};
		D70EA3F31C147C3C0096A768 /* Release */ = {
			isa = XCBuildConfiguration;
			buildSettings = {
				ASSETCATALOG_COMPILER_APPICON_NAME = AppIcon;
				INFOPLIST_FILE = FilePicket/Info.plist;
				LD_RUNPATH_SEARCH_PATHS = "$(inherited) @executable_path/Frameworks";
				PRODUCT_BUNDLE_IDENTIFIER = com.vedya.FilePicket;
				PRODUCT_NAME = "$(TARGET_NAME)";
			};
			name = Release;
		};
		D70EA3F51C147C3C0096A768 /* Debug */ = {
			isa = XCBuildConfiguration;
			buildSettings = {
				BUNDLE_LOADER = "$(TEST_HOST)";
				INFOPLIST_FILE = FilePicketTests/Info.plist;
				LD_RUNPATH_SEARCH_PATHS = "$(inherited) @executable_path/Frameworks @loader_path/Frameworks";
				PRODUCT_BUNDLE_IDENTIFIER = com.vedya.FilePicketTests;
				PRODUCT_NAME = "$(TARGET_NAME)";
				TEST_HOST = "$(BUILT_PRODUCTS_DIR)/FilePicket.app/FilePicket";
			};
			name = Debug;
		};
		D70EA3F61C147C3C0096A768 /* Release */ = {
			isa = XCBuildConfiguration;
			buildSettings = {
				BUNDLE_LOADER = "$(TEST_HOST)";
				INFOPLIST_FILE = FilePicketTests/Info.plist;
				LD_RUNPATH_SEARCH_PATHS = "$(inherited) @executable_path/Frameworks @loader_path/Frameworks";
				PRODUCT_BUNDLE_IDENTIFIER = com.vedya.FilePicketTests;
				PRODUCT_NAME = "$(TARGET_NAME)";
				TEST_HOST = "$(BUILT_PRODUCTS_DIR)/FilePicket.app/FilePicket";
			};
			name = Release;
		};
		D70EA3F81C147C3C0096A768 /* Debug */ = {
			isa = XCBuildConfiguration;
			buildSettings = {
				INFOPLIST_FILE = FilePicketUITests/Info.plist;
				LD_RUNPATH_SEARCH_PATHS = "$(inherited) @executable_path/Frameworks @loader_path/Frameworks";
				PRODUCT_BUNDLE_IDENTIFIER = com.vedya.FilePicketUITests;
				PRODUCT_NAME = "$(TARGET_NAME)";
				TEST_TARGET_NAME = FilePicket;
				USES_XCTRUNNER = YES;
			};
			name = Debug;
		};
		D70EA3F91C147C3C0096A768 /* Release */ = {
			isa = XCBuildConfiguration;
			buildSettings = {
				INFOPLIST_FILE = FilePicketUITests/Info.plist;
				LD_RUNPATH_SEARCH_PATHS = "$(inherited) @executable_path/Frameworks @loader_path/Frameworks";
				PRODUCT_BUNDLE_IDENTIFIER = com.vedya.FilePicketUITests;
				PRODUCT_NAME = "$(TARGET_NAME)";
				TEST_TARGET_NAME = FilePicket;
				USES_XCTRUNNER = YES;
			};
			name = Release;
		};
/* End XCBuildConfiguration section */

/* Begin XCConfigurationList section */
		D70EA3C41C147C3C0096A768 /* Build configuration list for PBXProject "FilePicket" */ = {
			isa = XCConfigurationList;
			buildConfigurations = (
				D70EA3EF1C147C3C0096A768 /* Debug */,
				D70EA3F01C147C3C0096A768 /* Release */,
			);
			defaultConfigurationIsVisible = 0;
			defaultConfigurationName = Release;
		};
		D70EA3F11C147C3C0096A768 /* Build configuration list for PBXNativeTarget "FilePicket" */ = {
			isa = XCConfigurationList;
			buildConfigurations = (
				D70EA3F21C147C3C0096A768 /* Debug */,
				D70EA3F31C147C3C0096A768 /* Release */,
			);
			defaultConfigurationIsVisible = 0;
		};
		D70EA3F41C147C3C0096A768 /* Build configuration list for PBXNativeTarget "FilePicketTests" */ = {
			isa = XCConfigurationList;
			buildConfigurations = (
				D70EA3F51C147C3C0096A768 /* Debug */,
				D70EA3F61C147C3C0096A768 /* Release */,
			);
			defaultConfigurationIsVisible = 0;
		};
		D70EA3F71C147C3C0096A768 /* Build configuration list for PBXNativeTarget "FilePicketUITests" */ = {
			isa = XCConfigurationList;
			buildConfigurations = (
				D70EA3F81C147C3C0096A768 /* Debug */,
				D70EA3F91C147C3C0096A768 /* Release */,
			);
			defaultConfigurationIsVisible = 0;
		};
/* End XCConfigurationList section */
	};
	rootObject = D70EA3C11C147C3C0096A768 /* Project object */;
}
